
Microsoft Visual Studio Solution File, Format Version 12.00
# Visual Studio Version 17
VisualStudioVersion = 17.11.35222.181
MinimumVisualStudioVersion = 10.0.40219.1
Project("{2150E333-8FDC-42A3-9474-1A3956D46DE8}") = "Solution Items", "Solution Items", "{F1BA3C5E-9141-4123-9827-EBC4575C5C0C}"
	ProjectSection(SolutionItems) = preProject
		.editorconfig = .editorconfig
		app.js = app.js
		index.html = index.html
		LICENSE = LICENSE
		SafeSecrets.html = SafeSecrets.html
		service-worker.js = service-worker.js
		SinglePageApp.html = SinglePageApp.html
	EndProjectSection
EndProject
Project("{2150E333-8FDC-42A3-9474-1A3956D46DE8}") = "scratch pad items", "scratch pad items", "{727010E4-4EAE-4D53-A834-E904F15C8A74}"
	ProjectSection(SolutionItems) = preProject
		01_Warning_DeviceOnline.html = 01_Warning_DeviceOnline.html
		CryptoJS_AES_utility_testing.html = CryptoJS_AES_utility_testing.html
		CryptoJS_PBKDF2_and_Salting_demo.html = CryptoJS_PBKDF2_and_Salting_demo.html
		JSEncrypt_RSA_Key_Uniqueness_testing.html = JSEncrypt_RSA_Key_Uniqueness_testing.html
		sample_Encryption.html = sample_Encryption.html
		JSEncrypt_RSA_utility_testing.html = JSEncrypt_RSA_utility_testing.html
		sample_Help.html = sample_Help.html
		Sample_LoadAndSaveFile.html = Sample_LoadAndSaveFile.html
		sample_Passwords.html = sample_Passwords.html
		scratchpad_01.js = scratchpad_01.js
		shell_child01.html = shell_child01.html
		shell_child02.html = shell_child02.html
		shell_parent.html = shell_parent.html
	EndProjectSection
EndProject
Global
	GlobalSection(SolutionProperties) = preSolution
		HideSolutionNode = FALSE
	EndGlobalSection
	GlobalSection(ExtensibilityGlobals) = postSolution
		SolutionGuid = {652026BA-EDF6-4AC4-8CD6-C9A65E64B035}
	EndGlobalSection
EndGlobal
